
Microsoft Visual Studio Solution File, Format Version 12.00
# Visual Studio Version 16
VisualStudioVersion = 16.0.30907.101
MinimumVisualStudioVersion = 10.0.40219.1
Project("{FAE04EC0-301F-11D3-BF4B-00C04F79EFBC}") = "Playshot", "Playshot\Playshot.csproj", "{69A87101-4558-45BF-80AB-93A1A691A49C}"
EndProject
Global
	GlobalSection(SolutionConfigurationPlatforms) = preSolution
		Debug|Any CPU = Debug|Any CPU
		Release|Any CPU = Release|Any CPU
	EndGlobalSection
	GlobalSection(ProjectConfigurationPlatforms) = postSolution
		{69A87101-4558-45BF-80AB-93A1A691A49C}.Debug|Any CPU.ActiveCfg = Debug|Any CPU
		{69A87101-4558-45BF-80AB-93A1A691A49C}.Debug|Any CPU.Build.0 = Debug|Any CPU
		{69A87101-4558-45BF-80AB-93A1A691A49C}.Release|Any CPU.ActiveCfg = Release|Any CPU
		{69A87101-4558-45BF-80AB-93A1A691A49C}.Release|Any CPU.Build.0 = Release|Any CPU
	EndGlobalSection
	GlobalSection(SolutionProperties) = preSolution
		HideSolutionNode = FALSE
	EndGlobalSection
	GlobalSection(ExtensibilityGlobals) = postSolution
		SolutionGuid = {2B479AC0-1AA8-4E47-9A00-7F41BC715FA3}
	EndGlobalSection
EndGlobal
